
Microsoft Visual Studio Solution File, Format Version 12.00
# Visual Studio Version 17
VisualStudioVersion = 17.9.34728.123
MinimumVisualStudioVersion = 10.0.40219.1
Project("{9A19103F-16F7-4668-BE54-9A1E7A4F7556}") = "PlugIn", "PlugIn.csproj", "{24E987FB-8122-4896-B195-48612C89EE71}"
EndProject
Project("{9A19103F-16F7-4668-BE54-9A1E7A4F7556}") = "PlugIn.Dal", "..\PlugIn.Dal\PlugIn.Dal.csproj", "{5CDC6C9A-B137-4761-A582-57A378B40471}"
EndProject
Project("{9A19103F-16F7-4668-BE54-9A1E7A4F7556}") = "PlugIn.Contracts", "..\PlugIn.Contracts\PlugIn.Contracts.csproj", "{B6573D18-BE80-4050-B8B8-A880D4B3037A}"
EndProject
Global
	GlobalSection(SolutionConfigurationPlatforms) = preSolution
		Debug|Any CPU = Debug|Any CPU
		Release|Any CPU = Release|Any CPU
	EndGlobalSection
	GlobalSection(ProjectConfigurationPlatforms) = postSolution
		{24E987FB-8122-4896-B195-48612C89EE71}.Debug|Any CPU.ActiveCfg = Debug|Any CPU
		{24E987FB-8122-4896-B195-48612C89EE71}.Debug|Any CPU.Build.0 = Debug|Any CPU
		{24E987FB-8122-4896-B195-48612C89EE71}.Release|Any CPU.ActiveCfg = Release|Any CPU
		{24E987FB-8122-4896-B195-48612C89EE71}.Release|Any CPU.Build.0 = Release|Any CPU
		{5CDC6C9A-B137-4761-A582-57A378B40471}.Debug|Any CPU.ActiveCfg = Debug|Any CPU
		{5CDC6C9A-B137-4761-A582-57A378B40471}.Debug|Any CPU.Build.0 = Debug|Any CPU
		{5CDC6C9A-B137-4761-A582-57A378B40471}.Release|Any CPU.ActiveCfg = Release|Any CPU
		{5CDC6C9A-B137-4761-A582-57A378B40471}.Release|Any CPU.Build.0 = Release|Any CPU
		{B6573D18-BE80-4050-B8B8-A880D4B3037A}.Debug|Any CPU.ActiveCfg = Debug|Any CPU
		{B6573D18-BE80-4050-B8B8-A880D4B3037A}.Debug|Any CPU.Build.0 = Debug|Any CPU
		{B6573D18-BE80-4050-B8B8-A880D4B3037A}.Release|Any CPU.ActiveCfg = Release|Any CPU
		{B6573D18-BE80-4050-B8B8-A880D4B3037A}.Release|Any CPU.Build.0 = Release|Any CPU
	EndGlobalSection
	GlobalSection(SolutionProperties) = preSolution
		HideSolutionNode = FALSE
	EndGlobalSection
	GlobalSection(ExtensibilityGlobals) = postSolution
		SolutionGuid = {AF8C0F13-53A0-4A2D-9AA3-9A08475A9FEF}
	EndGlobalSection
EndGlobal
